
Microsoft Visual Studio Solution File, Format Version 12.00
# Visual Studio 15
VisualStudioVersion = 15.0.26124.0
MinimumVisualStudioVersion = 15.0.26124.0
Project("{FAE04EC0-301F-11D3-BF4B-00C04F79EFBC}") = "MathInterpreter", "MathInterpreter\MathInterpreter.csproj", "{D8464E6A-3AC1-4765-9709-C93812DC79DA}"
EndProject
Project("{FAE04EC0-301F-11D3-BF4B-00C04F79EFBC}") = "MathInterpreter.Tests", "MathInterpreter.Tests\MathInterpreter.Tests.csproj", "{A7736A9D-565C-47E4-AE65-C8C53C16767B}"
EndProject
Project("{FAE04EC0-301F-11D3-BF4B-00C04F79EFBC}") = "MathInterpreter.console", "MathInterpreter.console\MathInterpreter.console.csproj", "{D33927F8-D06E-4F04-85A0-0EF1D5968E23}"
EndProject
Global
	GlobalSection(SolutionConfigurationPlatforms) = preSolution
		Debug|Any CPU = Debug|Any CPU
		Debug|x64 = Debug|x64
		Debug|x86 = Debug|x86
		Release|Any CPU = Release|Any CPU
		Release|x64 = Release|x64
		Release|x86 = Release|x86
	EndGlobalSection
	GlobalSection(SolutionProperties) = preSolution
		HideSolutionNode = FALSE
	EndGlobalSection
	GlobalSection(ProjectConfigurationPlatforms) = postSolution
		{D8464E6A-3AC1-4765-9709-C93812DC79DA}.Debug|Any CPU.ActiveCfg = Debug|Any CPU
		{D8464E6A-3AC1-4765-9709-C93812DC79DA}.Debug|Any CPU.Build.0 = Debug|Any CPU
		{D8464E6A-3AC1-4765-9709-C93812DC79DA}.Debug|x64.ActiveCfg = Debug|Any CPU
		{D8464E6A-3AC1-4765-9709-C93812DC79DA}.Debug|x64.Build.0 = Debug|Any CPU
		{D8464E6A-3AC1-4765-9709-C93812DC79DA}.Debug|x86.ActiveCfg = Debug|Any CPU
		{D8464E6A-3AC1-4765-9709-C93812DC79DA}.Debug|x86.Build.0 = Debug|Any CPU
		{D8464E6A-3AC1-4765-9709-C93812DC79DA}.Release|Any CPU.ActiveCfg = Release|Any CPU
		{D8464E6A-3AC1-4765-9709-C93812DC79DA}.Release|Any CPU.Build.0 = Release|Any CPU
		{D8464E6A-3AC1-4765-9709-C93812DC79DA}.Release|x64.ActiveCfg = Release|Any CPU
		{D8464E6A-3AC1-4765-9709-C93812DC79DA}.Release|x64.Build.0 = Release|Any CPU
		{D8464E6A-3AC1-4765-9709-C93812DC79DA}.Release|x86.ActiveCfg = Release|Any CPU
		{D8464E6A-3AC1-4765-9709-C93812DC79DA}.Release|x86.Build.0 = Release|Any CPU
		{A7736A9D-565C-47E4-AE65-C8C53C16767B}.Debug|Any CPU.ActiveCfg = Debug|Any CPU
		{A7736A9D-565C-47E4-AE65-C8C53C16767B}.Debug|Any CPU.Build.0 = Debug|Any CPU
		{A7736A9D-565C-47E4-AE65-C8C53C16767B}.Debug|x64.ActiveCfg = Debug|Any CPU
		{A7736A9D-565C-47E4-AE65-C8C53C16767B}.Debug|x64.Build.0 = Debug|Any CPU
		{A7736A9D-565C-47E4-AE65-C8C53C16767B}.Debug|x86.ActiveCfg = Debug|Any CPU
		{A7736A9D-565C-47E4-AE65-C8C53C16767B}.Debug|x86.Build.0 = Debug|Any CPU
		{A7736A9D-565C-47E4-AE65-C8C53C16767B}.Release|Any CPU.ActiveCfg = Release|Any CPU
		{A7736A9D-565C-47E4-AE65-C8C53C16767B}.Release|Any CPU.Build.0 = Release|Any CPU
		{A7736A9D-565C-47E4-AE65-C8C53C16767B}.Release|x64.ActiveCfg = Release|Any CPU
		{A7736A9D-565C-47E4-AE65-C8C53C16767B}.Release|x64.Build.0 = Release|Any CPU
		{A7736A9D-565C-47E4-AE65-C8C53C16767B}.Release|x86.ActiveCfg = Release|Any CPU
		{A7736A9D-565C-47E4-AE65-C8C53C16767B}.Release|x86.Build.0 = Release|Any CPU
		{D33927F8-D06E-4F04-85A0-0EF1D5968E23}.Debug|Any CPU.ActiveCfg = Debug|Any CPU
		{D33927F8-D06E-4F04-85A0-0EF1D5968E23}.Debug|Any CPU.Build.0 = Debug|Any CPU
		{D33927F8-D06E-4F04-85A0-0EF1D5968E23}.Debug|x64.ActiveCfg = Debug|Any CPU
		{D33927F8-D06E-4F04-85A0-0EF1D5968E23}.Debug|x64.Build.0 = Debug|Any CPU
		{D33927F8-D06E-4F04-85A0-0EF1D5968E23}.Debug|x86.ActiveCfg = Debug|Any CPU
		{D33927F8-D06E-4F04-85A0-0EF1D5968E23}.Debug|x86.Build.0 = Debug|Any CPU
		{D33927F8-D06E-4F04-85A0-0EF1D5968E23}.Release|Any CPU.ActiveCfg = Release|Any CPU
		{D33927F8-D06E-4F04-85A0-0EF1D5968E23}.Release|Any CPU.Build.0 = Release|Any CPU
		{D33927F8-D06E-4F04-85A0-0EF1D5968E23}.Release|x64.ActiveCfg = Release|Any CPU
		{D33927F8-D06E-4F04-85A0-0EF1D5968E23}.Release|x64.Build.0 = Release|Any CPU
		{D33927F8-D06E-4F04-85A0-0EF1D5968E23}.Release|x86.ActiveCfg = Release|Any CPU
		{D33927F8-D06E-4F04-85A0-0EF1D5968E23}.Release|x86.Build.0 = Release|Any CPU
	EndGlobalSection
EndGlobal
